
Microsoft Visual Studio Solution File, Format Version 12.00
# Visual Studio Version 17
VisualStudioVersion = 17.12.35527.113 d17.12
MinimumVisualStudioVersion = 10.0.40219.1
Project("{FAE04EC0-301F-11D3-BF4B-00C04F79EFBC}") = "Mcp.Client", "Mcp.Client\Mcp.Client.csproj", "{785241CB-11C9-4960-B3F0-0DE0146F67A5}"
EndProject
Project("{FAE04EC0-301F-11D3-BF4B-00C04F79EFBC}") = "Mcp.Server", "Mcp.Server\Mcp.Server.csproj", "{45442D89-6144-49F4-84B1-CA068D4E62D3}"
EndProject
Global
	GlobalSection(SolutionConfigurationPlatforms) = preSolution
		Debug|Any CPU = Debug|Any CPU
		Release|Any CPU = Release|Any CPU
	EndGlobalSection
	GlobalSection(ProjectConfigurationPlatforms) = postSolution
		{785241CB-11C9-4960-B3F0-0DE0146F67A5}.Debug|Any CPU.ActiveCfg = Debug|Any CPU
		{785241CB-11C9-4960-B3F0-0DE0146F67A5}.Debug|Any CPU.Build.0 = Debug|Any CPU
		{785241CB-11C9-4960-B3F0-0DE0146F67A5}.Release|Any CPU.ActiveCfg = Release|Any CPU
		{785241CB-11C9-4960-B3F0-0DE0146F67A5}.Release|Any CPU.Build.0 = Release|Any CPU
		{45442D89-6144-49F4-84B1-CA068D4E62D3}.Debug|Any CPU.ActiveCfg = Debug|Any CPU
		{45442D89-6144-49F4-84B1-CA068D4E62D3}.Debug|Any CPU.Build.0 = Debug|Any CPU
		{45442D89-6144-49F4-84B1-CA068D4E62D3}.Release|Any CPU.ActiveCfg = Release|Any CPU
		{45442D89-6144-49F4-84B1-CA068D4E62D3}.Release|Any CPU.Build.0 = Release|Any CPU
	EndGlobalSection
	GlobalSection(SolutionProperties) = preSolution
		HideSolutionNode = FALSE
	EndGlobalSection
EndGlobal
